
Microsoft Visual Studio Solution File, Format Version 12.00
# Visual Studio Version 17
VisualStudioVersion = 17.11.35312.102
MinimumVisualStudioVersion = 10.0.40219.1
Project("{FAE04EC0-301F-11D3-BF4B-00C04F79EFBC}") = "DotNetFlix", "DotNetFlix\DotNetFlix.csproj", "{F4D25A0B-C472-4F4E-9DD5-299D071AA278}"
EndProject
Global
	GlobalSection(SolutionConfigurationPlatforms) = preSolution
		Debug|Any CPU = Debug|Any CPU
		Release|Any CPU = Release|Any CPU
	EndGlobalSection
	GlobalSection(ProjectConfigurationPlatforms) = postSolution
		{F4D25A0B-C472-4F4E-9DD5-299D071AA278}.Debug|Any CPU.ActiveCfg = Debug|Any CPU
		{F4D25A0B-C472-4F4E-9DD5-299D071AA278}.Debug|Any CPU.Build.0 = Debug|Any CPU
		{F4D25A0B-C472-4F4E-9DD5-299D071AA278}.Release|Any CPU.ActiveCfg = Release|Any CPU
		{F4D25A0B-C472-4F4E-9DD5-299D071AA278}.Release|Any CPU.Build.0 = Release|Any CPU
	EndGlobalSection
	GlobalSection(SolutionProperties) = preSolution
		HideSolutionNode = FALSE
	EndGlobalSection
	GlobalSection(ExtensibilityGlobals) = postSolution
		SolutionGuid = {8DD3A047-6F8B-49BC-A9BA-210D0981AE06}
	EndGlobalSection
EndGlobal
